{
  "action: remove_modular_gem\nreason: \"The gemspec owns the project's test dependency.\"": [
    {
      "file": ".structuredmerge/kettle-jem.yml",
      "lines": [
        112,
        117,
        122
      ]
    }
  ],
  "direct: activerecord-tablefree.gemspec\nmodular: gemfiles/modular/shunted.gemfile": [
    {
      "file": ".structuredmerge/kettle-jem.yml",
      "lines": [
        110,
        115,
        120
      ]
    }
  ],
  "modular: gemfiles/modular/shunted.gemfile\naction: remove_modular_gem": [
    {
      "file": ".structuredmerge/kettle-jem.yml",
      "lines": [
        111,
        116,
        121
      ]
    }
  ]
}
